github.com/Kwynto/gosession v0.3.0 h1:oecl4EZliQkibPxcdx6hyvOeWq1vWitiu1ttvioTtkk=
github.com/Kwynto/gosession v0.3.0/go.mod h1:t9ebCczcC/w08whDLwShIZ59finO9EyRkiQf5B31m90=
github.com/gorilla/mux v1.8.0 h1:i40aqfkR1h2SlN9hojwV5ZA91wcXFOvkdNIeFDP5koI=
github.com/gorilla/mux v1.8.0/go.mod h1:DVbg23sWSpFRCP0SfiEN6jmj59UnW/n46BH5rLB71So=
